// !$*UTF8*$!
{
	archiveVersion = 1;
	classes = {
	};
	objectVersion = 56;
	objects = {

/* Begin PBXBuildFile section */
		BC89E08D2C6209F100ED9FA9 /* AppDelegate.swift in Sources */ = {isa = PBXBuildFile; fileRef = BC89E08C2C6209F100ED9FA9 /* AppDelegate.swift */; };
		BC89E08F2C6209F100ED9FA9 /* SceneDelegate.swift in Sources */ = {isa = PBXBuildFile; fileRef = BC89E08E2C6209F100ED9FA9 /* SceneDelegate.swift */; };
		BC89E0962C6209F300ED9FA9 /* Assets.xcassets in Resources */ = {isa = PBXBuildFile; fileRef = BC89E0952C6209F300ED9FA9 /* Assets.xcassets */; };
		BC89E0A82C620B2200ED9FA9 /* TabBarController.swift in Sources */ = {isa = PBXBuildFile; fileRef = BC89E0A72C620B2200ED9FA9 /* TabBarController.swift */; };
		BC89E0AC2C620BB700ED9FA9 /* Main+Presenter.swift in Sources */ = {isa = PBXBuildFile; fileRef = BC89E0AB2C620BB700ED9FA9 /* Main+Presenter.swift */; };
		BC89E0AE2C620BC400ED9FA9 /* Main+View.swift in Sources */ = {isa = PBXBuildFile; fileRef = BC89E0AD2C620BC400ED9FA9 /* Main+View.swift */; };
		BC89E0B02C620BD000ED9FA9 /* MainView.swift in Sources */ = {isa = PBXBuildFile; fileRef = BC89E0AF2C620BD000ED9FA9 /* MainView.swift */; };
		BC89E0B22C620BDE00ED9FA9 /* Settings+Presenter.swift in Sources */ = {isa = PBXBuildFile; fileRef = BC89E0B12C620BDE00ED9FA9 /* Settings+Presenter.swift */; };
		BC89E0B42C620BEB00ED9FA9 /* Settings+View.swift in Sources */ = {isa = PBXBuildFile; fileRef = BC89E0B32C620BEB00ED9FA9 /* Settings+View.swift */; };
		BC89E0B62C620BFA00ED9FA9 /* SettingsView.swift in Sources */ = {isa = PBXBuildFile; fileRef = BC89E0B52C620BFA00ED9FA9 /* SettingsView.swift */; };
		BC89E0B92C620C5300ED9FA9 /* UIViewController+Extensions.swift in Sources */ = {isa = PBXBuildFile; fileRef = BC89E0B82C620C5300ED9FA9 /* UIViewController+Extensions.swift */; };
		BC89E0BB2C62100A00ED9FA9 /* LaunchScreen.storyboard in Resources */ = {isa = PBXBuildFile; fileRef = BC89E0BA2C62100A00ED9FA9 /* LaunchScreen.storyboard */; };
		BC89E0BD2C62113F00ED9FA9 /* UIView+Extensions.swift in Sources */ = {isa = PBXBuildFile; fileRef = BC89E0BC2C62113F00ED9FA9 /* UIView+Extensions.swift */; };
/* End PBXBuildFile section */

/* Begin PBXFileReference section */
		BC89E0892C6209F100ED9FA9 /* TestAppHumanApps.app */ = {isa = PBXFileReference; explicitFileType = wrapper.application; includeInIndex = 0; path = TestAppHumanApps.app; sourceTree = BUILT_PRODUCTS_DIR; };
		BC89E08C2C6209F100ED9FA9 /* AppDelegate.swift */ = {isa = PBXFileReference; lastKnownFileType = sourcecode.swift; path = AppDelegate.swift; sourceTree = "<group>"; };
		BC89E08E2C6209F100ED9FA9 /* SceneDelegate.swift */ = {isa = PBXFileReference; lastKnownFileType = sourcecode.swift; path = SceneDelegate.swift; sourceTree = "<group>"; };
		BC89E0952C6209F300ED9FA9 /* Assets.xcassets */ = {isa = PBXFileReference; lastKnownFileType = folder.assetcatalog; path = Assets.xcassets; sourceTree = "<group>"; };
		BC89E09A2C6209F300ED9FA9 /* Info.plist */ = {isa = PBXFileReference; lastKnownFileType = text.plist.xml; path = Info.plist; sourceTree = "<group>"; };
		BC89E0A72C620B2200ED9FA9 /* TabBarController.swift */ = {isa = PBXFileReference; lastKnownFileType = sourcecode.swift; path = TabBarController.swift; sourceTree = "<group>"; };
		BC89E0AB2C620BB700ED9FA9 /* Main+Presenter.swift */ = {isa = PBXFileReference; lastKnownFileType = sourcecode.swift; path = "Main+Presenter.swift"; sourceTree = "<group>"; };
		BC89E0AD2C620BC400ED9FA9 /* Main+View.swift */ = {isa = PBXFileReference; lastKnownFileType = sourcecode.swift; path = "Main+View.swift"; sourceTree = "<group>"; };
		BC89E0AF2C620BD000ED9FA9 /* MainView.swift */ = {isa = PBXFileReference; lastKnownFileType = sourcecode.swift; path = MainView.swift; sourceTree = "<group>"; };
		BC89E0B12C620BDE00ED9FA9 /* Settings+Presenter.swift */ = {isa = PBXFileReference; lastKnownFileType = sourcecode.swift; path = "Settings+Presenter.swift"; sourceTree = "<group>"; };
		BC89E0B32C620BEB00ED9FA9 /* Settings+View.swift */ = {isa = PBXFileReference; lastKnownFileType = sourcecode.swift; path = "Settings+View.swift"; sourceTree = "<group>"; };
		BC89E0B52C620BFA00ED9FA9 /* SettingsView.swift */ = {isa = PBXFileReference; lastKnownFileType = sourcecode.swift; path = SettingsView.swift; sourceTree = "<group>"; };
		BC89E0B82C620C5300ED9FA9 /* UIViewController+Extensions.swift */ = {isa = PBXFileReference; lastKnownFileType = sourcecode.swift; path = "UIViewController+Extensions.swift"; sourceTree = "<group>"; };
		BC89E0BA2C62100A00ED9FA9 /* LaunchScreen.storyboard */ = {isa = PBXFileReference; lastKnownFileType = file.storyboard; path = LaunchScreen.storyboard; sourceTree = "<group>"; };
		BC89E0BC2C62113F00ED9FA9 /* UIView+Extensions.swift */ = {isa = PBXFileReference; lastKnownFileType = sourcecode.swift; path = "UIView+Extensions.swift"; sourceTree = "<group>"; };
/* End PBXFileReference section */

/* Begin PBXFrameworksBuildPhase section */
		BC89E0862C6209F100ED9FA9 /* Frameworks */ = {
			isa = PBXFrameworksBuildPhase;
			buildActionMask = 2147483647;
			files = (
			);
			runOnlyForDeploymentPostprocessing = 0;
		};
/* End PBXFrameworksBuildPhase section */

/* Begin PBXGroup section */
		BC89E0802C6209F100ED9FA9 = {
			isa = PBXGroup;
			children = (
				BC89E08B2C6209F100ED9FA9 /* TestAppHumanApps */,
				BC89E08A2C6209F100ED9FA9 /* Products */,
			);
			sourceTree = "<group>";
		};
		BC89E08A2C6209F100ED9FA9 /* Products */ = {
			isa = PBXGroup;
			children = (
				BC89E0892C6209F100ED9FA9 /* TestAppHumanApps.app */,
			);
			name = Products;
			sourceTree = "<group>";
		};
		BC89E08B2C6209F100ED9FA9 /* TestAppHumanApps */ = {
			isa = PBXGroup;
			children = (
				BC89E0A02C620A4A00ED9FA9 /* AppDelegate */,
				BC89E0A12C620A5700ED9FA9 /* Resource */,
				BC89E0A22C620A5F00ED9FA9 /* AppConstants */,
				BC89E0A32C620A7000ED9FA9 /* Common */,
				BC89E0A42C620A7500ED9FA9 /* Modules */,
				BC89E09A2C6209F300ED9FA9 /* Info.plist */,
			);
			path = TestAppHumanApps;
			sourceTree = "<group>";
		};
		BC89E0A02C620A4A00ED9FA9 /* AppDelegate */ = {
			isa = PBXGroup;
			children = (
				BC89E08C2C6209F100ED9FA9 /* AppDelegate.swift */,
				BC89E08E2C6209F100ED9FA9 /* SceneDelegate.swift */,
			);
			path = AppDelegate;
			sourceTree = "<group>";
		};
		BC89E0A12C620A5700ED9FA9 /* Resource */ = {
			isa = PBXGroup;
			children = (
				BC89E0952C6209F300ED9FA9 /* Assets.xcassets */,
			);
			path = Resource;
			sourceTree = "<group>";
		};
		BC89E0A22C620A5F00ED9FA9 /* AppConstants */ = {
			isa = PBXGroup;
			children = (
			);
			path = AppConstants;
			sourceTree = "<group>";
		};
		BC89E0A32C620A7000ED9FA9 /* Common */ = {
			isa = PBXGroup;
			children = (
				BC89E0B72C620C3C00ED9FA9 /* Extensions */,
			);
			path = Common;
			sourceTree = "<group>";
		};
		BC89E0A42C620A7500ED9FA9 /* Modules */ = {
			isa = PBXGroup;
			children = (
				BC89E0BA2C62100A00ED9FA9 /* LaunchScreen.storyboard */,
				BC89E0A72C620B2200ED9FA9 /* TabBarController.swift */,
				BC89E0A92C620B8600ED9FA9 /* Main */,
				BC89E0AA2C620B9C00ED9FA9 /* Settings */,
			);
			path = Modules;
			sourceTree = "<group>";
		};
		BC89E0A92C620B8600ED9FA9 /* Main */ = {
			isa = PBXGroup;
			children = (
				BC89E0AB2C620BB700ED9FA9 /* Main+Presenter.swift */,
				BC89E0AD2C620BC400ED9FA9 /* Main+View.swift */,
				BC89E0AF2C620BD000ED9FA9 /* MainView.swift */,
			);
			path = Main;
			sourceTree = "<group>";
		};
		BC89E0AA2C620B9C00ED9FA9 /* Settings */ = {
			isa = PBXGroup;
			children = (
				BC89E0B12C620BDE00ED9FA9 /* Settings+Presenter.swift */,
				BC89E0B32C620BEB00ED9FA9 /* Settings+View.swift */,
				BC89E0B52C620BFA00ED9FA9 /* SettingsView.swift */,
			);
			path = Settings;
			sourceTree = "<group>";
		};
		BC89E0B72C620C3C00ED9FA9 /* Extensions */ = {
			isa = PBXGroup;
			children = (
				BC89E0B82C620C5300ED9FA9 /* UIViewController+Extensions.swift */,
				BC89E0BC2C62113F00ED9FA9 /* UIView+Extensions.swift */,
			);
			path = Extensions;
			sourceTree = "<group>";
		};
/* End PBXGroup section */

/* Begin PBXNativeTarget section */
		BC89E0882C6209F100ED9FA9 /* TestAppHumanApps */ = {
			isa = PBXNativeTarget;
			buildConfigurationList = BC89E09D2C6209F300ED9FA9 /* Build configuration list for PBXNativeTarget "TestAppHumanApps" */;
			buildPhases = (
				BC89E0852C6209F100ED9FA9 /* Sources */,
				BC89E0862C6209F100ED9FA9 /* Frameworks */,
				BC89E0872C6209F100ED9FA9 /* Resources */,
			);
			buildRules = (
			);
			dependencies = (
			);
			name = TestAppHumanApps;
			productName = TestAppHumanApps;
			productReference = BC89E0892C6209F100ED9FA9 /* TestAppHumanApps.app */;
			productType = "com.apple.product-type.application";
		};
/* End PBXNativeTarget section */

/* Begin PBXProject section */
		BC89E0812C6209F100ED9FA9 /* Project object */ = {
			isa = PBXProject;
			attributes = {
				BuildIndependentTargetsInParallel = 1;
				LastSwiftUpdateCheck = 1540;
				LastUpgradeCheck = 1540;
				TargetAttributes = {
					BC89E0882C6209F100ED9FA9 = {
						CreatedOnToolsVersion = 15.4;
					};
				};
			};
			buildConfigurationList = BC89E0842C6209F100ED9FA9 /* Build configuration list for PBXProject "TestAppHumanApps" */;
			compatibilityVersion = "Xcode 14.0";
			developmentRegion = en;
			hasScannedForEncodings = 0;
			knownRegions = (
				en,
				Base,
			);
			mainGroup = BC89E0802C6209F100ED9FA9;
			productRefGroup = BC89E08A2C6209F100ED9FA9 /* Products */;
			projectDirPath = "";
			projectRoot = "";
			targets = (
				BC89E0882C6209F100ED9FA9 /* TestAppHumanApps */,
			);
		};
/* End PBXProject section */

/* Begin PBXResourcesBuildPhase section */
		BC89E0872C6209F100ED9FA9 /* Resources */ = {
			isa = PBXResourcesBuildPhase;
			buildActionMask = 2147483647;
			files = (
				BC89E0BB2C62100A00ED9FA9 /* LaunchScreen.storyboard in Resources */,
				BC89E0962C6209F300ED9FA9 /* Assets.xcassets in Resources */,
			);
			runOnlyForDeploymentPostprocessing = 0;
		};
/* End PBXResourcesBuildPhase section */

/* Begin PBXSourcesBuildPhase section */
		BC89E0852C6209F100ED9FA9 /* Sources */ = {
			isa = PBXSourcesBuildPhase;
			buildActionMask = 2147483647;
			files = (
				BC89E08D2C6209F100ED9FA9 /* AppDelegate.swift in Sources */,
				BC89E0B02C620BD000ED9FA9 /* MainView.swift in Sources */,
				BC89E0A82C620B2200ED9FA9 /* TabBarController.swift in Sources */,
				BC89E08F2C6209F100ED9FA9 /* SceneDelegate.swift in Sources */,
				BC89E0B42C620BEB00ED9FA9 /* Settings+View.swift in Sources */,
				BC89E0B62C620BFA00ED9FA9 /* SettingsView.swift in Sources */,
				BC89E0B92C620C5300ED9FA9 /* UIViewController+Extensions.swift in Sources */,
				BC89E0AE2C620BC400ED9FA9 /* Main+View.swift in Sources */,
				BC89E0AC2C620BB700ED9FA9 /* Main+Presenter.swift in Sources */,
				BC89E0B22C620BDE00ED9FA9 /* Settings+Presenter.swift in Sources */,
				BC89E0BD2C62113F00ED9FA9 /* UIView+Extensions.swift in Sources */,
			);
			runOnlyForDeploymentPostprocessing = 0;
		};
/* End PBXSourcesBuildPhase section */

/* Begin XCBuildConfiguration section */
		BC89E09B2C6209F300ED9FA9 /* Debug */ = {
			isa = XCBuildConfiguration;
			buildSettings = {
				ALWAYS_SEARCH_USER_PATHS = NO;
				ASSETCATALOG_COMPILER_GENERATE_SWIFT_ASSET_SYMBOL_EXTENSIONS = YES;
				CLANG_ANALYZER_NONNULL = YES;
				CLANG_ANALYZER_NUMBER_OBJECT_CONVERSION = YES_AGGRESSIVE;
				CLANG_CXX_LANGUAGE_STANDARD = "gnu++20";
				CLANG_ENABLE_MODULES = YES;
				CLANG_ENABLE_OBJC_ARC = YES;
				CLANG_ENABLE_OBJC_WEAK = YES;
				CLANG_WARN_BLOCK_CAPTURE_AUTORELEASING = YES;
				CLANG_WARN_BOOL_CONVERSION = YES;
				CLANG_WARN_COMMA = YES;
				CLANG_WARN_CONSTANT_CONVERSION = YES;
				CLANG_WARN_DEPRECATED_OBJC_IMPLEMENTATIONS = YES;
				CLANG_WARN_DIRECT_OBJC_ISA_USAGE = YES_ERROR;
				CLANG_WARN_DOCUMENTATION_COMMENTS = YES;
				CLANG_WARN_EMPTY_BODY = YES;
				CLANG_WARN_ENUM_CONVERSION = YES;
				CLANG_WARN_INFINITE_RECURSION = YES;
				CLANG_WARN_INT_CONVERSION = YES;
				CLANG_WARN_NON_LITERAL_NULL_CONVERSION = YES;
				CLANG_WARN_OBJC_IMPLICIT_RETAIN_SELF = YES;
				CLANG_WARN_OBJC_LITERAL_CONVERSION = YES;
				CLANG_WARN_OBJC_ROOT_CLASS = YES_ERROR;
				CLANG_WARN_QUOTED_INCLUDE_IN_FRAMEWORK_HEADER = YES;
				CLANG_WARN_RANGE_LOOP_ANALYSIS = YES;
				CLANG_WARN_STRICT_PROTOTYPES = YES;
				CLANG_WARN_SUSPICIOUS_MOVE = YES;
				CLANG_WARN_UNGUARDED_AVAILABILITY = YES_AGGRESSIVE;
				CLANG_WARN_UNREACHABLE_CODE = YES;
				CLANG_WARN__DUPLICATE_METHOD_MATCH = YES;
				COPY_PHASE_STRIP = NO;
				DEBUG_INFORMATION_FORMAT = dwarf;
				ENABLE_STRICT_OBJC_MSGSEND = YES;
				ENABLE_TESTABILITY = YES;
				ENABLE_USER_SCRIPT_SANDBOXING = YES;
				GCC_C_LANGUAGE_STANDARD = gnu17;
				GCC_DYNAMIC_NO_PIC = NO;
				GCC_NO_COMMON_BLOCKS = YES;
				GCC_OPTIMIZATION_LEVEL = 0;
				GCC_PREPROCESSOR_DEFINITIONS = (
					"DEBUG=1",
					"$(inherited)",
				);
				GCC_WARN_64_TO_32_BIT_CONVERSION = YES;
				GCC_WARN_ABOUT_RETURN_TYPE = YES_ERROR;
				GCC_WARN_UNDECLARED_SELECTOR = YES;
				GCC_WARN_UNINITIALIZED_AUTOS = YES_AGGRESSIVE;
				GCC_WARN_UNUSED_FUNCTION = YES;
				GCC_WARN_UNUSED_VARIABLE = YES;
				IPHONEOS_DEPLOYMENT_TARGET = 17.5;
				LOCALIZATION_PREFERS_STRING_CATALOGS = YES;
				MTL_ENABLE_DEBUG_INFO = INCLUDE_SOURCE;
				MTL_FAST_MATH = YES;
				ONLY_ACTIVE_ARCH = YES;
				SDKROOT = iphoneos;
				SWIFT_ACTIVE_COMPILATION_CONDITIONS = "DEBUG $(inherited)";
				SWIFT_OPTIMIZATION_LEVEL = "-Onone";
			};
			name = Debug;
		};
		BC89E09C2C6209F300ED9FA9 /* Release */ = {
			isa = XCBuildConfiguration;
			buildSettings = {
				ALWAYS_SEARCH_USER_PATHS = NO;
				ASSETCATALOG_COMPILER_GENERATE_SWIFT_ASSET_SYMBOL_EXTENSIONS = YES;
				CLANG_ANALYZER_NONNULL = YES;
				CLANG_ANALYZER_NUMBER_OBJECT_CONVERSION = YES_AGGRESSIVE;
				CLANG_CXX_LANGUAGE_STANDARD = "gnu++20";
				CLANG_ENABLE_MODULES = YES;
				CLANG_ENABLE_OBJC_ARC = YES;
				CLANG_ENABLE_OBJC_WEAK = YES;
				CLANG_WARN_BLOCK_CAPTURE_AUTORELEASING = YES;
				CLANG_WARN_BOOL_CONVERSION = YES;
				CLANG_WARN_COMMA = YES;
				CLANG_WARN_CONSTANT_CONVERSION = YES;
				CLANG_WARN_DEPRECATED_OBJC_IMPLEMENTATIONS = YES;
				CLANG_WARN_DIRECT_OBJC_ISA_USAGE = YES_ERROR;
				CLANG_WARN_DOCUMENTATION_COMMENTS = YES;
				CLANG_WARN_EMPTY_BODY = YES;
				CLANG_WARN_ENUM_CONVERSION = YES;
				CLANG_WARN_INFINITE_RECURSION = YES;
				CLANG_WARN_INT_CONVERSION = YES;
				CLANG_WARN_NON_LITERAL_NULL_CONVERSION = YES;
				CLANG_WARN_OBJC_IMPLICIT_RETAIN_SELF = YES;
				CLANG_WARN_OBJC_LITERAL_CONVERSION = YES;
				CLANG_WARN_OBJC_ROOT_CLASS = YES_ERROR;
				CLANG_WARN_QUOTED_INCLUDE_IN_FRAMEWORK_HEADER = YES;
				CLANG_WARN_RANGE_LOOP_ANALYSIS = YES;
				CLANG_WARN_STRICT_PROTOTYPES = YES;
				CLANG_WARN_SUSPICIOUS_MOVE = YES;
				CLANG_WARN_UNGUARDED_AVAILABILITY = YES_AGGRESSIVE;
				CLANG_WARN_UNREACHABLE_CODE = YES;
				CLANG_WARN__DUPLICATE_METHOD_MATCH = YES;
				COPY_PHASE_STRIP = NO;
				DEBUG_INFORMATION_FORMAT = "dwarf-with-dsym";
				ENABLE_NS_ASSERTIONS = NO;
				ENABLE_STRICT_OBJC_MSGSEND = YES;
				ENABLE_USER_SCRIPT_SANDBOXING = YES;
				GCC_C_LANGUAGE_STANDARD = gnu17;
				GCC_NO_COMMON_BLOCKS = YES;
				GCC_WARN_64_TO_32_BIT_CONVERSION = YES;
				GCC_WARN_ABOUT_RETURN_TYPE = YES_ERROR;
				GCC_WARN_UNDECLARED_SELECTOR = YES;
				GCC_WARN_UNINITIALIZED_AUTOS = YES_AGGRESSIVE;
				GCC_WARN_UNUSED_FUNCTION = YES;
				GCC_WARN_UNUSED_VARIABLE = YES;
				IPHONEOS_DEPLOYMENT_TARGET = 17.5;
				LOCALIZATION_PREFERS_STRING_CATALOGS = YES;
				MTL_ENABLE_DEBUG_INFO = NO;
				MTL_FAST_MATH = YES;
				SDKROOT = iphoneos;
				SWIFT_COMPILATION_MODE = wholemodule;
				VALIDATE_PRODUCT = YES;
			};
			name = Release;
		};
		BC89E09E2C6209F300ED9FA9 /* Debug */ = {
			isa = XCBuildConfiguration;
			buildSettings = {
				ASSETCATALOG_COMPILER_APPICON_NAME = AppIcon;
				ASSETCATALOG_COMPILER_GLOBAL_ACCENT_COLOR_NAME = AccentColor;
				CODE_SIGN_STYLE = Automatic;
				CURRENT_PROJECT_VERSION = 1;
				DEVELOPMENT_TEAM = Y5C952D945;
				GENERATE_INFOPLIST_FILE = YES;
				INFOPLIST_FILE = TestAppHumanApps/Info.plist;
				INFOPLIST_KEY_UIApplicationSupportsIndirectInputEvents = YES;
				INFOPLIST_KEY_UILaunchStoryboardName = LaunchScreen;
				INFOPLIST_KEY_UIMainStoryboardFile = LaunchScreen;
				INFOPLIST_KEY_UISupportedInterfaceOrientations_iPad = "UIInterfaceOrientationPortrait UIInterfaceOrientationPortraitUpsideDown UIInterfaceOrientationLandscapeLeft UIInterfaceOrientationLandscapeRight";
				INFOPLIST_KEY_UISupportedInterfaceOrientations_iPhone = "UIInterfaceOrientationPortrait UIInterfaceOrientationLandscapeLeft UIInterfaceOrientationLandscapeRight";
				LD_RUNPATH_SEARCH_PATHS = (
					"$(inherited)",
					"@executable_path/Frameworks",
				);
				MARKETING_VERSION = 1.0;
				PRODUCT_BUNDLE_IDENTIFIER = CineSeeker.TestAppHumanApps;
				PRODUCT_NAME = "$(TARGET_NAME)";
				SUPPORTED_PLATFORMS = "iphoneos iphonesimulator";
				SUPPORTS_MACCATALYST = NO;
				SUPPORTS_MAC_DESIGNED_FOR_IPHONE_IPAD = NO;
				SUPPORTS_XR_DESIGNED_FOR_IPHONE_IPAD = NO;
				SWIFT_EMIT_LOC_STRINGS = YES;
				SWIFT_VERSION = 5.0;
				TARGETED_DEVICE_FAMILY = 1;
			};
			name = Debug;
		};
		BC89E09F2C6209F300ED9FA9 /* Release */ = {
			isa = XCBuildConfiguration;
			buildSettings = {
				ASSETCATALOG_COMPILER_APPICON_NAME = AppIcon;
				ASSETCATALOG_COMPILER_GLOBAL_ACCENT_COLOR_NAME = AccentColor;
				CODE_SIGN_STYLE = Automatic;
				CURRENT_PROJECT_VERSION = 1;
				DEVELOPMENT_TEAM = Y5C952D945;
				GENERATE_INFOPLIST_FILE = YES;
				INFOPLIST_FILE = TestAppHumanApps/Info.plist;
				INFOPLIST_KEY_UIApplicationSupportsIndirectInputEvents = YES;
				INFOPLIST_KEY_UILaunchStoryboardName = LaunchScreen;
				INFOPLIST_KEY_UIMainStoryboardFile = LaunchScreen;
				INFOPLIST_KEY_UISupportedInterfaceOrientations_iPad = "UIInterfaceOrientationPortrait UIInterfaceOrientationPortraitUpsideDown UIInterfaceOrientationLandscapeLeft UIInterfaceOrientationLandscapeRight";
				INFOPLIST_KEY_UISupportedInterfaceOrientations_iPhone = "UIInterfaceOrientationPortrait UIInterfaceOrientationLandscapeLeft UIInterfaceOrientationLandscapeRight";
				LD_RUNPATH_SEARCH_PATHS = (
					"$(inherited)",
					"@executable_path/Frameworks",
				);
				MARKETING_VERSION = 1.0;
				PRODUCT_BUNDLE_IDENTIFIER = CineSeeker.TestAppHumanApps;
				PRODUCT_NAME = "$(TARGET_NAME)";
				SUPPORTED_PLATFORMS = "iphoneos iphonesimulator";
				SUPPORTS_MACCATALYST = NO;
				SUPPORTS_MAC_DESIGNED_FOR_IPHONE_IPAD = NO;
				SUPPORTS_XR_DESIGNED_FOR_IPHONE_IPAD = NO;
				SWIFT_EMIT_LOC_STRINGS = YES;
				SWIFT_VERSION = 5.0;
				TARGETED_DEVICE_FAMILY = 1;
			};
			name = Release;
		};
/* End XCBuildConfiguration section */

/* Begin XCConfigurationList section */
		BC89E0842C6209F100ED9FA9 /* Build configuration list for PBXProject "TestAppHumanApps" */ = {
			isa = XCConfigurationList;
			buildConfigurations = (
				BC89E09B2C6209F300ED9FA9 /* Debug */,
				BC89E09C2C6209F300ED9FA9 /* Release */,
			);
			defaultConfigurationIsVisible = 0;
			defaultConfigurationName = Release;
		};
		BC89E09D2C6209F300ED9FA9 /* Build configuration list for PBXNativeTarget "TestAppHumanApps" */ = {
			isa = XCConfigurationList;
			buildConfigurations = (
				BC89E09E2C6209F300ED9FA9 /* Debug */,
				BC89E09F2C6209F300ED9FA9 /* Release */,
			);
			defaultConfigurationIsVisible = 0;
			defaultConfigurationName = Release;
		};
/* End XCConfigurationList section */
	};
	rootObject = BC89E0812C6209F100ED9FA9 /* Project object */;
}
